<?xml version="1.0" encoding="utf-8"?>
<Project ToolsVersion="4.0" xmlns="http://schemas.microsoft.com/developer/msbuild/2003">
  <ItemGroup>
    <ClCompile Include="Source\CheatSystem.cpp" />
    <ClCompile Include="Source\Engine.cpp" />
    <ClCompile Include="Source\Entity.cpp" />
    <ClCompile Include="Source\EntityContainer.cpp" />
    <ClCompile Include="Source\EntityFactory.cpp" />
    <ClCompile Include="Source\level1Scene.cpp" />
    <ClCompile Include="Source\level2Scene.cpp" />
    <ClCompile Include="Source\Main.cpp" />
    <ClCompile Include="Source\Matrix2D.cpp" />
    <ClCompile Include="Source\MeshLibrary.cpp" />
    <ClCompile Include="Source\OmegaScene.cpp" />
    <ClCompile Include="Source\PlatformSystem.cpp" />
    <ClCompile Include="Source\Random.cpp" />
    <ClCompile Include="Source\Scene.cpp" />
    <ClCompile Include="Source\SceneSystem.cpp" />
    <ClCompile Include="Source\ScoreSystem.cpp" />
    <ClCompile Include="Source\stdafx.cpp" />
    <ClCompile Include="Source\Stream.cpp" />
    <ClCompile Include="Source\Stub.cpp" />
    <ClCompile Include="Source\StubScene.cpp" />
    <ClCompile Include="Source\StubSystem.cpp" />
    <ClCompile Include="Source\Teleporter.cpp" />
    <ClCompile Include="Source\Trace.cpp" />
    <ClCompile Include="Source\Vector2D.cpp" />
    <ClCompile Include="Source\Animation.cpp">
      <Filter>Components</Filter>
    </ClCompile>
    <ClCompile Include="Source\Collider.cpp">
      <Filter>Components</Filter>
    </ClCompile>
    <ClCompile Include="Source\Mesh.cpp">
      <Filter>Components</Filter>
    </ClCompile>
    <ClCompile Include="Source\Physics.cpp">
      <Filter>Components</Filter>
    </ClCompile>
    <ClCompile Include="Source\Sprite.cpp">
      <Filter>Components</Filter>
    </ClCompile>
    <ClCompile Include="Source\SpriteSourceLibrary.cpp">
      <Filter>Components</Filter>
    </ClCompile>
    <ClCompile Include="Source\SpriteSource.cpp">
      <Filter>Components</Filter>
    </ClCompile>
    <ClCompile Include="Source\Transform.cpp">
      <Filter>Components</Filter>
    </ClCompile>
    <ClCompile Include="Source\Component.cpp">
      <Filter>Components</Filter>
    </ClCompile>
    <ClCompile Include="Source\Behavior.cpp">
      <Filter>Components</Filter>
    </ClCompile>
    <ClCompile Include="Source\BehaviorAsteroid.cpp">
      <Filter>Components</Filter>
    </ClCompile>
    <ClCompile Include="Source\BehaviorBullet.cpp">
      <Filter>Components</Filter>
    </ClCompile>
    <ClCompile Include="Source\BehaviorHudText.cpp">
      <Filter>Components</Filter>
    </ClCompile>
    <ClCompile Include="Source\BehaviorSpaceship.cpp">
      <Filter>Components</Filter>
    </ClCompile>
    <ClCompile Include="Source\ColliderCircle.cpp">
      <Filter>Components</Filter>
    </ClCompile>
    <ClCompile Include="Source\ColliderLine.cpp">
      <Filter>Components</Filter>
    </ClCompile>
    <ClCompile Include="Source\AsteroidsScene.cpp" />
  </ItemGroup>
  <ItemGroup>
    <ClInclude Include="Source\BaseSystem.h" />
    <ClInclude Include="Source\CheatSystem.h" />
    <ClInclude Include="Source\Engine.h" />
    <ClInclude Include="Source\Entity.h" />
    <ClInclude Include="Source\EntityContainer.h" />
    <ClInclude Include="Source\EntityFactory.h" />
    <ClInclude Include="Source\level1Scene.h" />
    <ClInclude Include="Source\level2Scene.h" />
    <ClInclude Include="Source\Matrix2D.h" />
    <ClInclude Include="Source\MeshLibrary.h" />
    <ClInclude Include="Source\OmegaScene.h" />
    <ClInclude Include="Source\PlatformSystem.h" />
    <ClInclude Include="Source\Random.h" />
    <ClInclude Include="Source\Scene.h" />
    <ClInclude Include="Source\SceneSystem.h" />
    <ClInclude Include="Source\ScoreSystem.h" />
    <ClInclude Include="Source\stdafx.h" />
    <ClInclude Include="Source\Stream.h" />
    <ClInclude Include="Source\Stub.h" />
    <ClInclude Include="Source\StubScene.h" />
    <ClInclude Include="Source\StubSystem.h" />
    <ClInclude Include="Source\targetver.h" />
    <ClInclude Include="Source\Teleporter.h" />
    <ClInclude Include="Source\Trace.h" />
    <ClInclude Include="Source\Vector2D.h" />
    <ClInclude Include="Source\Animation.h">
      <Filter>Components</Filter>
    </ClInclude>
    <ClInclude Include="Source\Collider.h">
      <Filter>Components</Filter>
    </ClInclude>
    <ClInclude Include="Source\Mesh.h">
      <Filter>Components</Filter>
    </ClInclude>
    <ClInclude Include="Source\Physics.h">
      <Filter>Components</Filter>
    </ClInclude>
    <ClInclude Include="Source\Sprite.h">
      <Filter>Components</Filter>
    </ClInclude>
    <ClInclude Include="Source\SpriteSourceLibrary.h">
      <Filter>Components</Filter>
    </ClInclude>
    <ClInclude Include="Source\SpriteSource.h">
      <Filter>Components</Filter>
    </ClInclude>
    <ClInclude Include="Source\Transform.h">
      <Filter>Components</Filter>
    </ClInclude>
    <ClInclude Include="Source\Component.h">
      <Filter>Components</Filter>
    </ClInclude>
    <ClInclude Include="Source\Behavior.h">
      <Filter>Components</Filter>
    </ClInclude>
    <ClInclude Include="Source\BehaviorAsteroid.h">
      <Filter>Components</Filter>
    </ClInclude>
    <ClInclude Include="Source\BehaviorBullet.h">
      <Filter>Components</Filter>
    </ClInclude>
    <ClInclude Include="Source\BehaviorHudText.h">
      <Filter>Components</Filter>
    </ClInclude>
    <ClInclude Include="Source\BehaviorSpaceship.h">
      <Filter>Components</Filter>
    </ClInclude>
    <ClInclude Include="Source\ColliderCircle.h">
      <Filter>Components</Filter>
    </ClInclude>
    <ClInclude Include="Source\ColliderLine.h">
      <Filter>Components</Filter>
    </ClInclude>
    <ClInclude Include="Source\AsteroidsScene.h" />
  </ItemGroup>
  <ItemGroup>
    <Filter Include="Components">
      <UniqueIdentifier>{51df58a6-bd4b-423c-bcea-a5b3cfcb7387}</UniqueIdentifier>
    </Filter>
  </ItemGroup>
  <ItemGroup>
    <None Include="Project6.vcxproj.filters" />
  </ItemGroup>
</Project>